
Microsoft Visual Studio Solution File, Format Version 12.00
# Visual Studio Version 17
VisualStudioVersion = 17.13.35828.75 d17.13
MinimumVisualStudioVersion = 10.0.40219.1
Project("{FAE04EC0-301F-11D3-BF4B-00C04F79EFBC}") = "QuizAPI", "QuizAPI\QuizAPI.csproj", "{1B480CF5-B8A5-4E9F-927F-6FF9BE8D25B4}"
EndProject
Global
	GlobalSection(SolutionConfigurationPlatforms) = preSolution
		Debug|Any CPU = Debug|Any CPU
		Release|Any CPU = Release|Any CPU
	EndGlobalSection
	GlobalSection(ProjectConfigurationPlatforms) = postSolution
		{1B480CF5-B8A5-4E9F-927F-6FF9BE8D25B4}.Debug|Any CPU.ActiveCfg = Debug|Any CPU
		{1B480CF5-B8A5-4E9F-927F-6FF9BE8D25B4}.Debug|Any CPU.Build.0 = Debug|Any CPU
		{1B480CF5-B8A5-4E9F-927F-6FF9BE8D25B4}.Release|Any CPU.ActiveCfg = Release|Any CPU
		{1B480CF5-B8A5-4E9F-927F-6FF9BE8D25B4}.Release|Any CPU.Build.0 = Release|Any CPU
	EndGlobalSection
	GlobalSection(SolutionProperties) = preSolution
		HideSolutionNode = FALSE
	EndGlobalSection
	GlobalSection(ExtensibilityGlobals) = postSolution
		SolutionGuid = {F08CA0E3-891D-4E5A-A673-81AE97CC3F7B}
	EndGlobalSection
EndGlobal
